
Microsoft Visual Studio Solution File, Format Version 12.00
# Visual Studio Version 17
VisualStudioVersion = 17.9.34728.123
MinimumVisualStudioVersion = 10.0.40219.1
Project("{9A19103F-16F7-4668-BE54-9A1E7A4F7556}") = "BeeStation", "BeeStation.csproj", "{CADFB0D1-9F6B-4D6A-8392-31FA70E95B4E}"
EndProject
Global
	GlobalSection(SolutionConfigurationPlatforms) = preSolution
		Debug|Any CPU = Debug|Any CPU
		Release|Any CPU = Release|Any CPU
	EndGlobalSection
	GlobalSection(ProjectConfigurationPlatforms) = postSolution
		{CADFB0D1-9F6B-4D6A-8392-31FA70E95B4E}.Debug|Any CPU.ActiveCfg = Debug|Any CPU
		{CADFB0D1-9F6B-4D6A-8392-31FA70E95B4E}.Debug|Any CPU.Build.0 = Debug|Any CPU
		{CADFB0D1-9F6B-4D6A-8392-31FA70E95B4E}.Release|Any CPU.ActiveCfg = Release|Any CPU
		{CADFB0D1-9F6B-4D6A-8392-31FA70E95B4E}.Release|Any CPU.Build.0 = Release|Any CPU
	EndGlobalSection
	GlobalSection(SolutionProperties) = preSolution
		HideSolutionNode = FALSE
	EndGlobalSection
	GlobalSection(ExtensibilityGlobals) = postSolution
		SolutionGuid = {D86FACD3-8D30-40D1-B0A9-FBAC427FC7CA}
	EndGlobalSection
EndGlobal
